
Microsoft Visual Studio Solution File, Format Version 12.00
# Visual Studio 2012
Project("{FAE04EC0-301F-11D3-BF4B-00C04F79EFBC}") = "browser", "browser\browser.csproj", "{B72F2FB7-A3B7-47FF-B966-0C6C956EAAF0}"
EndProject
Project("{FAE04EC0-301F-11D3-BF4B-00C04F79EFBC}") = "browser.iOS", "iOS\browser.iOS.csproj", "{7A3FC3E9-1DE5-4421-8C20-DC5F25B1A5CF}"
EndProject
Project("{FAE04EC0-301F-11D3-BF4B-00C04F79EFBC}") = "browser.Droid", "Droid\browser.Droid.csproj", "{96E15A3A-9646-435C-99A8-379F3011E089}"
EndProject
Global
	GlobalSection(SolutionConfigurationPlatforms) = preSolution
		Debug|Any CPU = Debug|Any CPU
		Release|Any CPU = Release|Any CPU
		Debug|iPhoneSimulator = Debug|iPhoneSimulator
		Release|iPhone = Release|iPhone
		Release|iPhoneSimulator = Release|iPhoneSimulator
		Debug|iPhone = Debug|iPhone
	EndGlobalSection
	GlobalSection(ProjectConfigurationPlatforms) = postSolution
		{7A3FC3E9-1DE5-4421-8C20-DC5F25B1A5CF}.Debug|Any CPU.ActiveCfg = Debug|iPhoneSimulator
		{7A3FC3E9-1DE5-4421-8C20-DC5F25B1A5CF}.Debug|Any CPU.Build.0 = Debug|iPhoneSimulator
		{7A3FC3E9-1DE5-4421-8C20-DC5F25B1A5CF}.Debug|iPhone.ActiveCfg = Debug|iPhone
		{7A3FC3E9-1DE5-4421-8C20-DC5F25B1A5CF}.Debug|iPhone.Build.0 = Debug|iPhone
		{7A3FC3E9-1DE5-4421-8C20-DC5F25B1A5CF}.Debug|iPhoneSimulator.ActiveCfg = Debug|iPhoneSimulator
		{7A3FC3E9-1DE5-4421-8C20-DC5F25B1A5CF}.Debug|iPhoneSimulator.Build.0 = Debug|iPhoneSimulator
		{7A3FC3E9-1DE5-4421-8C20-DC5F25B1A5CF}.Release|Any CPU.ActiveCfg = Release|iPhone
		{7A3FC3E9-1DE5-4421-8C20-DC5F25B1A5CF}.Release|Any CPU.Build.0 = Release|iPhone
		{7A3FC3E9-1DE5-4421-8C20-DC5F25B1A5CF}.Release|iPhone.ActiveCfg = Release|iPhone
		{7A3FC3E9-1DE5-4421-8C20-DC5F25B1A5CF}.Release|iPhone.Build.0 = Release|iPhone
		{7A3FC3E9-1DE5-4421-8C20-DC5F25B1A5CF}.Release|iPhoneSimulator.ActiveCfg = Release|iPhoneSimulator
		{7A3FC3E9-1DE5-4421-8C20-DC5F25B1A5CF}.Release|iPhoneSimulator.Build.0 = Release|iPhoneSimulator
		{96E15A3A-9646-435C-99A8-379F3011E089}.Debug|Any CPU.ActiveCfg = Debug|Any CPU
		{96E15A3A-9646-435C-99A8-379F3011E089}.Debug|Any CPU.Build.0 = Debug|Any CPU
		{96E15A3A-9646-435C-99A8-379F3011E089}.Debug|iPhone.ActiveCfg = Debug|Any CPU
		{96E15A3A-9646-435C-99A8-379F3011E089}.Debug|iPhone.Build.0 = Debug|Any CPU
		{96E15A3A-9646-435C-99A8-379F3011E089}.Debug|iPhoneSimulator.ActiveCfg = Debug|Any CPU
		{96E15A3A-9646-435C-99A8-379F3011E089}.Debug|iPhoneSimulator.Build.0 = Debug|Any CPU
		{96E15A3A-9646-435C-99A8-379F3011E089}.Release|Any CPU.ActiveCfg = Release|Any CPU
		{96E15A3A-9646-435C-99A8-379F3011E089}.Release|Any CPU.Build.0 = Release|Any CPU
		{96E15A3A-9646-435C-99A8-379F3011E089}.Release|iPhone.ActiveCfg = Release|Any CPU
		{96E15A3A-9646-435C-99A8-379F3011E089}.Release|iPhone.Build.0 = Release|Any CPU
		{96E15A3A-9646-435C-99A8-379F3011E089}.Release|iPhoneSimulator.ActiveCfg = Release|Any CPU
		{96E15A3A-9646-435C-99A8-379F3011E089}.Release|iPhoneSimulator.Build.0 = Release|Any CPU
		{B72F2FB7-A3B7-47FF-B966-0C6C956EAAF0}.Debug|Any CPU.ActiveCfg = Debug|Any CPU
		{B72F2FB7-A3B7-47FF-B966-0C6C956EAAF0}.Debug|Any CPU.Build.0 = Debug|Any CPU
		{B72F2FB7-A3B7-47FF-B966-0C6C956EAAF0}.Debug|iPhone.ActiveCfg = Debug|Any CPU
		{B72F2FB7-A3B7-47FF-B966-0C6C956EAAF0}.Debug|iPhone.Build.0 = Debug|Any CPU
		{B72F2FB7-A3B7-47FF-B966-0C6C956EAAF0}.Debug|iPhoneSimulator.ActiveCfg = Debug|Any CPU
		{B72F2FB7-A3B7-47FF-B966-0C6C956EAAF0}.Debug|iPhoneSimulator.Build.0 = Debug|Any CPU
		{B72F2FB7-A3B7-47FF-B966-0C6C956EAAF0}.Release|Any CPU.ActiveCfg = Release|Any CPU
		{B72F2FB7-A3B7-47FF-B966-0C6C956EAAF0}.Release|Any CPU.Build.0 = Release|Any CPU
		{B72F2FB7-A3B7-47FF-B966-0C6C956EAAF0}.Release|iPhone.ActiveCfg = Release|Any CPU
		{B72F2FB7-A3B7-47FF-B966-0C6C956EAAF0}.Release|iPhone.Build.0 = Release|Any CPU
		{B72F2FB7-A3B7-47FF-B966-0C6C956EAAF0}.Release|iPhoneSimulator.ActiveCfg = Release|Any CPU
		{B72F2FB7-A3B7-47FF-B966-0C6C956EAAF0}.Release|iPhoneSimulator.Build.0 = Release|Any CPU
	EndGlobalSection
EndGlobal
